
Microsoft Visual Studio Solution File, Format Version 12.00
# Visual Studio Version 17
VisualStudioVersion = 17.3.32929.385
MinimumVisualStudioVersion = 10.0.40219.1
Project("{9A19103F-16F7-4668-BE54-9A1E7A4F7556}") = "backend", "backend.csproj", "{A42A2147-103E-4840-A2C3-A1D9744DA59C}"
EndProject
Project("{9A19103F-16F7-4668-BE54-9A1E7A4F7556}") = "Entities", "..\Entities\Entities.csproj", "{8699EA44-651A-47FF-8737-89235B8F5EFC}"
EndProject
Project("{9A19103F-16F7-4668-BE54-9A1E7A4F7556}") = "0-DTO", "..\0-DTO\0-DTO.csproj", "{8423F207-5B6E-4A8E-8AD8-B72ECED9ABE5}"
EndProject
Global
	GlobalSection(SolutionConfigurationPlatforms) = preSolution
		Debug|Any CPU = Debug|Any CPU
		Release|Any CPU = Release|Any CPU
	EndGlobalSection
	GlobalSection(ProjectConfigurationPlatforms) = postSolution
		{A42A2147-103E-4840-A2C3-A1D9744DA59C}.Debug|Any CPU.ActiveCfg = Debug|Any CPU
		{A42A2147-103E-4840-A2C3-A1D9744DA59C}.Debug|Any CPU.Build.0 = Debug|Any CPU
		{A42A2147-103E-4840-A2C3-A1D9744DA59C}.Release|Any CPU.ActiveCfg = Release|Any CPU
		{A42A2147-103E-4840-A2C3-A1D9744DA59C}.Release|Any CPU.Build.0 = Release|Any CPU
		{8699EA44-651A-47FF-8737-89235B8F5EFC}.Debug|Any CPU.ActiveCfg = Debug|Any CPU
		{8699EA44-651A-47FF-8737-89235B8F5EFC}.Debug|Any CPU.Build.0 = Debug|Any CPU
		{8699EA44-651A-47FF-8737-89235B8F5EFC}.Release|Any CPU.ActiveCfg = Release|Any CPU
		{8699EA44-651A-47FF-8737-89235B8F5EFC}.Release|Any CPU.Build.0 = Release|Any CPU
		{8423F207-5B6E-4A8E-8AD8-B72ECED9ABE5}.Debug|Any CPU.ActiveCfg = Debug|Any CPU
		{8423F207-5B6E-4A8E-8AD8-B72ECED9ABE5}.Debug|Any CPU.Build.0 = Debug|Any CPU
		{8423F207-5B6E-4A8E-8AD8-B72ECED9ABE5}.Release|Any CPU.ActiveCfg = Release|Any CPU
		{8423F207-5B6E-4A8E-8AD8-B72ECED9ABE5}.Release|Any CPU.Build.0 = Release|Any CPU
	EndGlobalSection
	GlobalSection(SolutionProperties) = preSolution
		HideSolutionNode = FALSE
	EndGlobalSection
	GlobalSection(ExtensibilityGlobals) = postSolution
		SolutionGuid = {FEE3A7B1-3E1D-4FA2-9E6B-AD49C7FCF8D6}
	EndGlobalSection
EndGlobal
